
Microsoft Visual Studio Solution File, Format Version 12.00
# Visual Studio Version 17
VisualStudioVersion = 17.11.35312.102
MinimumVisualStudioVersion = 10.0.40219.1
Project("{FAE04EC0-301F-11D3-BF4B-00C04F79EFBC}") = "MVCWeb", "MVCWeb\MVCWeb.csproj", "{A47B3E1C-7270-44F3-A0B1-87A8A596E99B}"
EndProject
Global
	GlobalSection(SolutionConfigurationPlatforms) = preSolution
		Debug|Any CPU = Debug|Any CPU
		Release|Any CPU = Release|Any CPU
	EndGlobalSection
	GlobalSection(ProjectConfigurationPlatforms) = postSolution
		{A47B3E1C-7270-44F3-A0B1-87A8A596E99B}.Debug|Any CPU.ActiveCfg = Debug|Any CPU
		{A47B3E1C-7270-44F3-A0B1-87A8A596E99B}.Debug|Any CPU.Build.0 = Debug|Any CPU
		{A47B3E1C-7270-44F3-A0B1-87A8A596E99B}.Release|Any CPU.ActiveCfg = Release|Any CPU
		{A47B3E1C-7270-44F3-A0B1-87A8A596E99B}.Release|Any CPU.Build.0 = Release|Any CPU
	EndGlobalSection
	GlobalSection(SolutionProperties) = preSolution
		HideSolutionNode = FALSE
	EndGlobalSection
	GlobalSection(ExtensibilityGlobals) = postSolution
		SolutionGuid = {EDEFDC68-22CE-403F-8357-16AAD13C5D03}
	EndGlobalSection
EndGlobal
